// !$*UTF8*$!
{
	archiveVersion = 1;
	classes = {
	};
	objectVersion = 50;
	objects = {

/* Begin PBXBuildFile section */
		1D7B43BD250F4AE000BE7677 /* AppDelegate.swift in Sources */ = {isa = PBXBuildFile; fileRef = 1D7B43BC250F4AE000BE7677 /* AppDelegate.swift */; };
		1D7B43BF250F4AE000BE7677 /* SceneDelegate.swift in Sources */ = {isa = PBXBuildFile; fileRef = 1D7B43BE250F4AE000BE7677 /* SceneDelegate.swift */; };
		1D7B43C4250F4AE000BE7677 /* Main.storyboard in Resources */ = {isa = PBXBuildFile; fileRef = 1D7B43C2250F4AE000BE7677 /* Main.storyboard */; };
		1D7B43C6250F4AE300BE7677 /* Assets.xcassets in Resources */ = {isa = PBXBuildFile; fileRef = 1D7B43C5250F4AE300BE7677 /* Assets.xcassets */; };
		1D7B43C9250F4AE300BE7677 /* LaunchScreen.storyboard in Resources */ = {isa = PBXBuildFile; fileRef = 1D7B43C7250F4AE300BE7677 /* LaunchScreen.storyboard */; };
		1D7B43D4250F4AE300BE7677 /* CarTrackExamTests.swift in Sources */ = {isa = PBXBuildFile; fileRef = 1D7B43D3250F4AE300BE7677 /* CarTrackExamTests.swift */; };
		1D7B43DF250F4AE300BE7677 /* CarTrackExamUITests.swift in Sources */ = {isa = PBXBuildFile; fileRef = 1D7B43DE250F4AE300BE7677 /* CarTrackExamUITests.swift */; };
		1D7B43ED250F523D00BE7677 /* LoginViewController.swift in Sources */ = {isa = PBXBuildFile; fileRef = 1D7B43EC250F523D00BE7677 /* LoginViewController.swift */; };
		1D7B43F0250F53F100BE7677 /* User.swift in Sources */ = {isa = PBXBuildFile; fileRef = 1D7B43EF250F53F100BE7677 /* User.swift */; };
		1D7B43F4250F630700BE7677 /* DBHelper.swift in Sources */ = {isa = PBXBuildFile; fileRef = 1D7B43F3250F630700BE7677 /* DBHelper.swift */; };
		1D7B43F8250F909400BE7677 /* LoginViewModel.swift in Sources */ = {isa = PBXBuildFile; fileRef = 1D7B43F7250F909400BE7677 /* LoginViewModel.swift */; };
		1D7B43FD2510655000BE7677 /* CountryListViewController.swift in Sources */ = {isa = PBXBuildFile; fileRef = 1D7B43FC2510655000BE7677 /* CountryListViewController.swift */; };
		1D7B43FF2510679A00BE7677 /* CountryListViewModel.swift in Sources */ = {isa = PBXBuildFile; fileRef = 1D7B43FE2510679A00BE7677 /* CountryListViewModel.swift */; };
		1D7B44022510986400BE7677 /* ReusableView.swift in Sources */ = {isa = PBXBuildFile; fileRef = 1D7B44012510986400BE7677 /* ReusableView.swift */; };
		1D7B440425109A4800BE7677 /* CountryTableViewCell.swift in Sources */ = {isa = PBXBuildFile; fileRef = 1D7B440325109A4800BE7677 /* CountryTableViewCell.swift */; };
		1D7B440725109B2300BE7677 /* UITableView+Extension.swift in Sources */ = {isa = PBXBuildFile; fileRef = 1D7B440625109B2300BE7677 /* UITableView+Extension.swift */; };
		1D7B44092510CFC700BE7677 /* UserListViewController.swift in Sources */ = {isa = PBXBuildFile; fileRef = 1D7B44082510CFC700BE7677 /* UserListViewController.swift */; };
		1D7B440B2510D18E00BE7677 /* UserListViewModel.swift in Sources */ = {isa = PBXBuildFile; fileRef = 1D7B440A2510D18E00BE7677 /* UserListViewModel.swift */; };
		1D7B440D2510D65D00BE7677 /* JSONUser.swift in Sources */ = {isa = PBXBuildFile; fileRef = 1D7B440C2510D65D00BE7677 /* JSONUser.swift */; };
		1D7B440F2510FB9000BE7677 /* UserTableViewCell.swift in Sources */ = {isa = PBXBuildFile; fileRef = 1D7B440E2510FB9000BE7677 /* UserTableViewCell.swift */; };
/* End PBXBuildFile section */

/* Begin PBXContainerItemProxy section */
		1D7B43D0250F4AE300BE7677 /* PBXContainerItemProxy */ = {
			isa = PBXContainerItemProxy;
			containerPortal = 1D7B43B1250F4ADF00BE7677 /* Project object */;
			proxyType = 1;
			remoteGlobalIDString = 1D7B43B8250F4ADF00BE7677;
			remoteInfo = CarTrackExam;
		};
		1D7B43DB250F4AE300BE7677 /* PBXContainerItemProxy */ = {
			isa = PBXContainerItemProxy;
			containerPortal = 1D7B43B1250F4ADF00BE7677 /* Project object */;
			proxyType = 1;
			remoteGlobalIDString = 1D7B43B8250F4ADF00BE7677;
			remoteInfo = CarTrackExam;
		};
/* End PBXContainerItemProxy section */

/* Begin PBXFileReference section */
		1D7B43B9250F4AE000BE7677 /* CarTrackExam.app */ = {isa = PBXFileReference; explicitFileType = wrapper.application; includeInIndex = 0; path = CarTrackExam.app; sourceTree = BUILT_PRODUCTS_DIR; };
		1D7B43BC250F4AE000BE7677 /* AppDelegate.swift */ = {isa = PBXFileReference; lastKnownFileType = sourcecode.swift; path = AppDelegate.swift; sourceTree = "<group>"; };
		1D7B43BE250F4AE000BE7677 /* SceneDelegate.swift */ = {isa = PBXFileReference; lastKnownFileType = sourcecode.swift; path = SceneDelegate.swift; sourceTree = "<group>"; };
		1D7B43C3250F4AE000BE7677 /* Base */ = {isa = PBXFileReference; lastKnownFileType = file.storyboard; name = Base; path = Base.lproj/Main.storyboard; sourceTree = "<group>"; };
		1D7B43C5250F4AE300BE7677 /* Assets.xcassets */ = {isa = PBXFileReference; lastKnownFileType = folder.assetcatalog; path = Assets.xcassets; sourceTree = "<group>"; };
		1D7B43C8250F4AE300BE7677 /* Base */ = {isa = PBXFileReference; lastKnownFileType = file.storyboard; name = Base; path = Base.lproj/LaunchScreen.storyboard; sourceTree = "<group>"; };
		1D7B43CA250F4AE300BE7677 /* Info.plist */ = {isa = PBXFileReference; lastKnownFileType = text.plist.xml; path = Info.plist; sourceTree = "<group>"; };
		1D7B43CF250F4AE300BE7677 /* CarTrackExamTests.xctest */ = {isa = PBXFileReference; explicitFileType = wrapper.cfbundle; includeInIndex = 0; path = CarTrackExamTests.xctest; sourceTree = BUILT_PRODUCTS_DIR; };
		1D7B43D3250F4AE300BE7677 /* CarTrackExamTests.swift */ = {isa = PBXFileReference; lastKnownFileType = sourcecode.swift; path = CarTrackExamTests.swift; sourceTree = "<group>"; };
		1D7B43D5250F4AE300BE7677 /* Info.plist */ = {isa = PBXFileReference; lastKnownFileType = text.plist.xml; path = Info.plist; sourceTree = "<group>"; };
		1D7B43DA250F4AE300BE7677 /* CarTrackExamUITests.xctest */ = {isa = PBXFileReference; explicitFileType = wrapper.cfbundle; includeInIndex = 0; path = CarTrackExamUITests.xctest; sourceTree = BUILT_PRODUCTS_DIR; };
		1D7B43DE250F4AE300BE7677 /* CarTrackExamUITests.swift */ = {isa = PBXFileReference; lastKnownFileType = sourcecode.swift; path = CarTrackExamUITests.swift; sourceTree = "<group>"; };
		1D7B43E0250F4AE400BE7677 /* Info.plist */ = {isa = PBXFileReference; lastKnownFileType = text.plist.xml; path = Info.plist; sourceTree = "<group>"; };
		1D7B43EC250F523D00BE7677 /* LoginViewController.swift */ = {isa = PBXFileReference; lastKnownFileType = sourcecode.swift; path = LoginViewController.swift; sourceTree = "<group>"; };
		1D7B43EF250F53F100BE7677 /* User.swift */ = {isa = PBXFileReference; lastKnownFileType = sourcecode.swift; path = User.swift; sourceTree = "<group>"; };
		1D7B43F3250F630700BE7677 /* DBHelper.swift */ = {isa = PBXFileReference; lastKnownFileType = sourcecode.swift; path = DBHelper.swift; sourceTree = "<group>"; };
		1D7B43F7250F909400BE7677 /* LoginViewModel.swift */ = {isa = PBXFileReference; lastKnownFileType = sourcecode.swift; path = LoginViewModel.swift; sourceTree = "<group>"; };
		1D7B43FC2510655000BE7677 /* CountryListViewController.swift */ = {isa = PBXFileReference; lastKnownFileType = sourcecode.swift; path = CountryListViewController.swift; sourceTree = "<group>"; };
		1D7B43FE2510679A00BE7677 /* CountryListViewModel.swift */ = {isa = PBXFileReference; lastKnownFileType = sourcecode.swift; path = CountryListViewModel.swift; sourceTree = "<group>"; };
		1D7B44012510986400BE7677 /* ReusableView.swift */ = {isa = PBXFileReference; lastKnownFileType = sourcecode.swift; path = ReusableView.swift; sourceTree = "<group>"; };
		1D7B440325109A4800BE7677 /* CountryTableViewCell.swift */ = {isa = PBXFileReference; lastKnownFileType = sourcecode.swift; path = CountryTableViewCell.swift; sourceTree = "<group>"; };
		1D7B440625109B2300BE7677 /* UITableView+Extension.swift */ = {isa = PBXFileReference; lastKnownFileType = sourcecode.swift; path = "UITableView+Extension.swift"; sourceTree = "<group>"; };
		1D7B44082510CFC700BE7677 /* UserListViewController.swift */ = {isa = PBXFileReference; lastKnownFileType = sourcecode.swift; path = UserListViewController.swift; sourceTree = "<group>"; };
		1D7B440A2510D18E00BE7677 /* UserListViewModel.swift */ = {isa = PBXFileReference; lastKnownFileType = sourcecode.swift; path = UserListViewModel.swift; sourceTree = "<group>"; };
		1D7B440C2510D65D00BE7677 /* JSONUser.swift */ = {isa = PBXFileReference; lastKnownFileType = sourcecode.swift; path = JSONUser.swift; sourceTree = "<group>"; };
		1D7B440E2510FB9000BE7677 /* UserTableViewCell.swift */ = {isa = PBXFileReference; lastKnownFileType = sourcecode.swift; path = UserTableViewCell.swift; sourceTree = "<group>"; };
/* End PBXFileReference section */

/* Begin PBXFrameworksBuildPhase section */
		1D7B43B6250F4ADF00BE7677 /* Frameworks */ = {
			isa = PBXFrameworksBuildPhase;
			buildActionMask = 2147483647;
			files = (
			);
			runOnlyForDeploymentPostprocessing = 0;
		};
		1D7B43CC250F4AE300BE7677 /* Frameworks */ = {
			isa = PBXFrameworksBuildPhase;
			buildActionMask = 2147483647;
			files = (
			);
			runOnlyForDeploymentPostprocessing = 0;
		};
		1D7B43D7250F4AE300BE7677 /* Frameworks */ = {
			isa = PBXFrameworksBuildPhase;
			buildActionMask = 2147483647;
			files = (
			);
			runOnlyForDeploymentPostprocessing = 0;
		};
/* End PBXFrameworksBuildPhase section */

/* Begin PBXGroup section */
		1D7B43B0250F4ADF00BE7677 = {
			isa = PBXGroup;
			children = (
				1D7B43BB250F4AE000BE7677 /* CarTrackExam */,
				1D7B43D2250F4AE300BE7677 /* CarTrackExamTests */,
				1D7B43DD250F4AE300BE7677 /* CarTrackExamUITests */,
				1D7B43BA250F4AE000BE7677 /* Products */,
			);
			sourceTree = "<group>";
		};
		1D7B43BA250F4AE000BE7677 /* Products */ = {
			isa = PBXGroup;
			children = (
				1D7B43B9250F4AE000BE7677 /* CarTrackExam.app */,
				1D7B43CF250F4AE300BE7677 /* CarTrackExamTests.xctest */,
				1D7B43DA250F4AE300BE7677 /* CarTrackExamUITests.xctest */,
			);
			name = Products;
			sourceTree = "<group>";
		};
		1D7B43BB250F4AE000BE7677 /* CarTrackExam */ = {
			isa = PBXGroup;
			children = (
				1D7B43BC250F4AE000BE7677 /* AppDelegate.swift */,
				1D7B43BE250F4AE000BE7677 /* SceneDelegate.swift */,
				1D7B440525109B0200BE7677 /* Extensions */,
				1D7B4400251097D300BE7677 /* Views */,
				1D7B43F2250F62F400BE7677 /* Utilities */,
				1D7B43F1250F53F500BE7677 /* Models */,
				1D7B43EE250F53CE00BE7677 /* ViewControllers */,
				1D7B43C2250F4AE000BE7677 /* Main.storyboard */,
				1D7B43C5250F4AE300BE7677 /* Assets.xcassets */,
				1D7B43C7250F4AE300BE7677 /* LaunchScreen.storyboard */,
				1D7B43CA250F4AE300BE7677 /* Info.plist */,
			);
			path = CarTrackExam;
			sourceTree = "<group>";
		};
		1D7B43D2250F4AE300BE7677 /* CarTrackExamTests */ = {
			isa = PBXGroup;
			children = (
				1D7B43D3250F4AE300BE7677 /* CarTrackExamTests.swift */,
				1D7B43D5250F4AE300BE7677 /* Info.plist */,
			);
			path = CarTrackExamTests;
			sourceTree = "<group>";
		};
		1D7B43DD250F4AE300BE7677 /* CarTrackExamUITests */ = {
			isa = PBXGroup;
			children = (
				1D7B43DE250F4AE300BE7677 /* CarTrackExamUITests.swift */,
				1D7B43E0250F4AE400BE7677 /* Info.plist */,
			);
			path = CarTrackExamUITests;
			sourceTree = "<group>";
		};
		1D7B43EE250F53CE00BE7677 /* ViewControllers */ = {
			isa = PBXGroup;
			children = (
				1D7B43FB250FBC2600BE7677 /* CountryList */,
				1D7B43FA250FAB2B00BE7677 /* UserList */,
				1D7B43F9250FAB2000BE7677 /* Login */,
			);
			path = ViewControllers;
			sourceTree = "<group>";
		};
		1D7B43F1250F53F500BE7677 /* Models */ = {
			isa = PBXGroup;
			children = (
				1D7B43EF250F53F100BE7677 /* User.swift */,
				1D7B440C2510D65D00BE7677 /* JSONUser.swift */,
			);
			path = Models;
			sourceTree = "<group>";
		};
		1D7B43F2250F62F400BE7677 /* Utilities */ = {
			isa = PBXGroup;
			children = (
				1D7B43F3250F630700BE7677 /* DBHelper.swift */,
			);
			path = Utilities;
			sourceTree = "<group>";
		};
		1D7B43F9250FAB2000BE7677 /* Login */ = {
			isa = PBXGroup;
			children = (
				1D7B43EC250F523D00BE7677 /* LoginViewController.swift */,
				1D7B43F7250F909400BE7677 /* LoginViewModel.swift */,
			);
			path = Login;
			sourceTree = "<group>";
		};
		1D7B43FA250FAB2B00BE7677 /* UserList */ = {
			isa = PBXGroup;
			children = (
				1D7B44082510CFC700BE7677 /* UserListViewController.swift */,
				1D7B440A2510D18E00BE7677 /* UserListViewModel.swift */,
			);
			path = UserList;
			sourceTree = "<group>";
		};
		1D7B43FB250FBC2600BE7677 /* CountryList */ = {
			isa = PBXGroup;
			children = (
				1D7B43FC2510655000BE7677 /* CountryListViewController.swift */,
				1D7B43FE2510679A00BE7677 /* CountryListViewModel.swift */,
			);
			path = CountryList;
			sourceTree = "<group>";
		};
		1D7B4400251097D300BE7677 /* Views */ = {
			isa = PBXGroup;
			children = (
				1D7B44012510986400BE7677 /* ReusableView.swift */,
				1D7B440325109A4800BE7677 /* CountryTableViewCell.swift */,
				1D7B440E2510FB9000BE7677 /* UserTableViewCell.swift */,
			);
			path = Views;
			sourceTree = "<group>";
		};
		1D7B440525109B0200BE7677 /* Extensions */ = {
			isa = PBXGroup;
			children = (
				1D7B440625109B2300BE7677 /* UITableView+Extension.swift */,
			);
			path = Extensions;
			sourceTree = "<group>";
		};
/* End PBXGroup section */

/* Begin PBXNativeTarget section */
		1D7B43B8250F4ADF00BE7677 /* CarTrackExam */ = {
			isa = PBXNativeTarget;
			buildConfigurationList = 1D7B43E3250F4AE400BE7677 /* Build configuration list for PBXNativeTarget "CarTrackExam" */;
			buildPhases = (
				1D7B43B5250F4ADF00BE7677 /* Sources */,
				1D7B43B6250F4ADF00BE7677 /* Frameworks */,
				1D7B43B7250F4ADF00BE7677 /* Resources */,
			);
			buildRules = (
			);
			dependencies = (
			);
			name = CarTrackExam;
			productName = CarTrackExam;
			productReference = 1D7B43B9250F4AE000BE7677 /* CarTrackExam.app */;
			productType = "com.apple.product-type.application";
		};
		1D7B43CE250F4AE300BE7677 /* CarTrackExamTests */ = {
			isa = PBXNativeTarget;
			buildConfigurationList = 1D7B43E6250F4AE400BE7677 /* Build configuration list for PBXNativeTarget "CarTrackExamTests" */;
			buildPhases = (
				1D7B43CB250F4AE300BE7677 /* Sources */,
				1D7B43CC250F4AE300BE7677 /* Frameworks */,
				1D7B43CD250F4AE300BE7677 /* Resources */,
			);
			buildRules = (
			);
			dependencies = (
				1D7B43D1250F4AE300BE7677 /* PBXTargetDependency */,
			);
			name = CarTrackExamTests;
			productName = CarTrackExamTests;
			productReference = 1D7B43CF250F4AE300BE7677 /* CarTrackExamTests.xctest */;
			productType = "com.apple.product-type.bundle.unit-test";
		};
		1D7B43D9250F4AE300BE7677 /* CarTrackExamUITests */ = {
			isa = PBXNativeTarget;
			buildConfigurationList = 1D7B43E9250F4AE400BE7677 /* Build configuration list for PBXNativeTarget "CarTrackExamUITests" */;
			buildPhases = (
				1D7B43D6250F4AE300BE7677 /* Sources */,
				1D7B43D7250F4AE300BE7677 /* Frameworks */,
				1D7B43D8250F4AE300BE7677 /* Resources */,
			);
			buildRules = (
			);
			dependencies = (
				1D7B43DC250F4AE300BE7677 /* PBXTargetDependency */,
			);
			name = CarTrackExamUITests;
			productName = CarTrackExamUITests;
			productReference = 1D7B43DA250F4AE300BE7677 /* CarTrackExamUITests.xctest */;
			productType = "com.apple.product-type.bundle.ui-testing";
		};
/* End PBXNativeTarget section */

/* Begin PBXProject section */
		1D7B43B1250F4ADF00BE7677 /* Project object */ = {
			isa = PBXProject;
			attributes = {
				LastSwiftUpdateCheck = 1170;
				LastUpgradeCheck = 1170;
				ORGANIZATIONNAME = "Bryan Vivo";
				TargetAttributes = {
					1D7B43B8250F4ADF00BE7677 = {
						CreatedOnToolsVersion = 11.7;
					};
					1D7B43CE250F4AE300BE7677 = {
						CreatedOnToolsVersion = 11.7;
						TestTargetID = 1D7B43B8250F4ADF00BE7677;
					};
					1D7B43D9250F4AE300BE7677 = {
						CreatedOnToolsVersion = 11.7;
						TestTargetID = 1D7B43B8250F4ADF00BE7677;
					};
				};
			};
			buildConfigurationList = 1D7B43B4250F4ADF00BE7677 /* Build configuration list for PBXProject "CarTrackExam" */;
			compatibilityVersion = "Xcode 9.3";
			developmentRegion = en;
			hasScannedForEncodings = 0;
			knownRegions = (
				en,
				Base,
			);
			mainGroup = 1D7B43B0250F4ADF00BE7677;
			productRefGroup = 1D7B43BA250F4AE000BE7677 /* Products */;
			projectDirPath = "";
			projectRoot = "";
			targets = (
				1D7B43B8250F4ADF00BE7677 /* CarTrackExam */,
				1D7B43CE250F4AE300BE7677 /* CarTrackExamTests */,
				1D7B43D9250F4AE300BE7677 /* CarTrackExamUITests */,
			);
		};
/* End PBXProject section */

/* Begin PBXResourcesBuildPhase section */
		1D7B43B7250F4ADF00BE7677 /* Resources */ = {
			isa = PBXResourcesBuildPhase;
			buildActionMask = 2147483647;
			files = (
				1D7B43C9250F4AE300BE7677 /* LaunchScreen.storyboard in Resources */,
				1D7B43C6250F4AE300BE7677 /* Assets.xcassets in Resources */,
				1D7B43C4250F4AE000BE7677 /* Main.storyboard in Resources */,
			);
			runOnlyForDeploymentPostprocessing = 0;
		};
		1D7B43CD250F4AE300BE7677 /* Resources */ = {
			isa = PBXResourcesBuildPhase;
			buildActionMask = 2147483647;
			files = (
			);
			runOnlyForDeploymentPostprocessing = 0;
		};
		1D7B43D8250F4AE300BE7677 /* Resources */ = {
			isa = PBXResourcesBuildPhase;
			buildActionMask = 2147483647;
			files = (
			);
			runOnlyForDeploymentPostprocessing = 0;
		};
/* End PBXResourcesBuildPhase section */

/* Begin PBXSourcesBuildPhase section */
		1D7B43B5250F4ADF00BE7677 /* Sources */ = {
			isa = PBXSourcesBuildPhase;
			buildActionMask = 2147483647;
			files = (
				1D7B440725109B2300BE7677 /* UITableView+Extension.swift in Sources */,
				1D7B44022510986400BE7677 /* ReusableView.swift in Sources */,
				1D7B43F0250F53F100BE7677 /* User.swift in Sources */,
				1D7B43FF2510679A00BE7677 /* CountryListViewModel.swift in Sources */,
				1D7B440F2510FB9000BE7677 /* UserTableViewCell.swift in Sources */,
				1D7B43ED250F523D00BE7677 /* LoginViewController.swift in Sources */,
				1D7B44092510CFC700BE7677 /* UserListViewController.swift in Sources */,
				1D7B440425109A4800BE7677 /* CountryTableViewCell.swift in Sources */,
				1D7B43FD2510655000BE7677 /* CountryListViewController.swift in Sources */,
				1D7B43F8250F909400BE7677 /* LoginViewModel.swift in Sources */,
				1D7B440B2510D18E00BE7677 /* UserListViewModel.swift in Sources */,
				1D7B43F4250F630700BE7677 /* DBHelper.swift in Sources */,
				1D7B43BD250F4AE000BE7677 /* AppDelegate.swift in Sources */,
				1D7B440D2510D65D00BE7677 /* JSONUser.swift in Sources */,
				1D7B43BF250F4AE000BE7677 /* SceneDelegate.swift in Sources */,
			);
			runOnlyForDeploymentPostprocessing = 0;
		};
		1D7B43CB250F4AE300BE7677 /* Sources */ = {
			isa = PBXSourcesBuildPhase;
			buildActionMask = 2147483647;
			files = (
				1D7B43D4250F4AE300BE7677 /* CarTrackExamTests.swift in Sources */,
			);
			runOnlyForDeploymentPostprocessing = 0;
		};
		1D7B43D6250F4AE300BE7677 /* Sources */ = {
			isa = PBXSourcesBuildPhase;
			buildActionMask = 2147483647;
			files = (
				1D7B43DF250F4AE300BE7677 /* CarTrackExamUITests.swift in Sources */,
			);
			runOnlyForDeploymentPostprocessing = 0;
		};
/* End PBXSourcesBuildPhase section */

/* Begin PBXTargetDependency section */
		1D7B43D1250F4AE300BE7677 /* PBXTargetDependency */ = {
			isa = PBXTargetDependency;
			target = 1D7B43B8250F4ADF00BE7677 /* CarTrackExam */;
			targetProxy = 1D7B43D0250F4AE300BE7677 /* PBXContainerItemProxy */;
		};
		1D7B43DC250F4AE300BE7677 /* PBXTargetDependency */ = {
			isa = PBXTargetDependency;
			target = 1D7B43B8250F4ADF00BE7677 /* CarTrackExam */;
			targetProxy = 1D7B43DB250F4AE300BE7677 /* PBXContainerItemProxy */;
		};
/* End PBXTargetDependency section */

/* Begin PBXVariantGroup section */
		1D7B43C2250F4AE000BE7677 /* Main.storyboard */ = {
			isa = PBXVariantGroup;
			children = (
				1D7B43C3250F4AE000BE7677 /* Base */,
			);
			name = Main.storyboard;
			sourceTree = "<group>";
		};
		1D7B43C7250F4AE300BE7677 /* LaunchScreen.storyboard */ = {
			isa = PBXVariantGroup;
			children = (
				1D7B43C8250F4AE300BE7677 /* Base */,
			);
			name = LaunchScreen.storyboard;
			sourceTree = "<group>";
		};
/* End PBXVariantGroup section */

/* Begin XCBuildConfiguration section */
		1D7B43E1250F4AE400BE7677 /* Debug */ = {
			isa = XCBuildConfiguration;
			buildSettings = {
				ALWAYS_SEARCH_USER_PATHS = NO;
				CLANG_ANALYZER_NONNULL = YES;
				CLANG_ANALYZER_NUMBER_OBJECT_CONVERSION = YES_AGGRESSIVE;
				CLANG_CXX_LANGUAGE_STANDARD = "gnu++14";
				CLANG_CXX_LIBRARY = "libc++";
				CLANG_ENABLE_MODULES = YES;
				CLANG_ENABLE_OBJC_ARC = YES;
				CLANG_ENABLE_OBJC_WEAK = YES;
				CLANG_WARN_BLOCK_CAPTURE_AUTORELEASING = YES;
				CLANG_WARN_BOOL_CONVERSION = YES;
				CLANG_WARN_COMMA = YES;
				CLANG_WARN_CONSTANT_CONVERSION = YES;
				CLANG_WARN_DEPRECATED_OBJC_IMPLEMENTATIONS = YES;
				CLANG_WARN_DIRECT_OBJC_ISA_USAGE = YES_ERROR;
				CLANG_WARN_DOCUMENTATION_COMMENTS = YES;
				CLANG_WARN_EMPTY_BODY = YES;
				CLANG_WARN_ENUM_CONVERSION = YES;
				CLANG_WARN_INFINITE_RECURSION = YES;
				CLANG_WARN_INT_CONVERSION = YES;
				CLANG_WARN_NON_LITERAL_NULL_CONVERSION = YES;
				CLANG_WARN_OBJC_IMPLICIT_RETAIN_SELF = YES;
				CLANG_WARN_OBJC_LITERAL_CONVERSION = YES;
				CLANG_WARN_OBJC_ROOT_CLASS = YES_ERROR;
				CLANG_WARN_RANGE_LOOP_ANALYSIS = YES;
				CLANG_WARN_STRICT_PROTOTYPES = YES;
				CLANG_WARN_SUSPICIOUS_MOVE = YES;
				CLANG_WARN_UNGUARDED_AVAILABILITY = YES_AGGRESSIVE;
				CLANG_WARN_UNREACHABLE_CODE = YES;
				CLANG_WARN__DUPLICATE_METHOD_MATCH = YES;
				COPY_PHASE_STRIP = NO;
				DEBUG_INFORMATION_FORMAT = dwarf;
				ENABLE_STRICT_OBJC_MSGSEND = YES;
				ENABLE_TESTABILITY = YES;
				GCC_C_LANGUAGE_STANDARD = gnu11;
				GCC_DYNAMIC_NO_PIC = NO;
				GCC_NO_COMMON_BLOCKS = YES;
				GCC_OPTIMIZATION_LEVEL = 0;
				GCC_PREPROCESSOR_DEFINITIONS = (
					"DEBUG=1",
					"$(inherited)",
				);
				GCC_WARN_64_TO_32_BIT_CONVERSION = YES;
				GCC_WARN_ABOUT_RETURN_TYPE = YES_ERROR;
				GCC_WARN_UNDECLARED_SELECTOR = YES;
				GCC_WARN_UNINITIALIZED_AUTOS = YES_AGGRESSIVE;
				GCC_WARN_UNUSED_FUNCTION = YES;
				GCC_WARN_UNUSED_VARIABLE = YES;
				IPHONEOS_DEPLOYMENT_TARGET = 13.7;
				MTL_ENABLE_DEBUG_INFO = INCLUDE_SOURCE;
				MTL_FAST_MATH = YES;
				ONLY_ACTIVE_ARCH = YES;
				SDKROOT = iphoneos;
				SWIFT_ACTIVE_COMPILATION_CONDITIONS = DEBUG;
				SWIFT_OPTIMIZATION_LEVEL = "-Onone";
			};
			name = Debug;
		};
		1D7B43E2250F4AE400BE7677 /* Release */ = {
			isa = XCBuildConfiguration;
			buildSettings = {
				ALWAYS_SEARCH_USER_PATHS = NO;
				CLANG_ANALYZER_NONNULL = YES;
				CLANG_ANALYZER_NUMBER_OBJECT_CONVERSION = YES_AGGRESSIVE;
				CLANG_CXX_LANGUAGE_STANDARD = "gnu++14";
				CLANG_CXX_LIBRARY = "libc++";
				CLANG_ENABLE_MODULES = YES;
				CLANG_ENABLE_OBJC_ARC = YES;
				CLANG_ENABLE_OBJC_WEAK = YES;
				CLANG_WARN_BLOCK_CAPTURE_AUTORELEASING = YES;
				CLANG_WARN_BOOL_CONVERSION = YES;
				CLANG_WARN_COMMA = YES;
				CLANG_WARN_CONSTANT_CONVERSION = YES;
				CLANG_WARN_DEPRECATED_OBJC_IMPLEMENTATIONS = YES;
				CLANG_WARN_DIRECT_OBJC_ISA_USAGE = YES_ERROR;
				CLANG_WARN_DOCUMENTATION_COMMENTS = YES;
				CLANG_WARN_EMPTY_BODY = YES;
				CLANG_WARN_ENUM_CONVERSION = YES;
				CLANG_WARN_INFINITE_RECURSION = YES;
				CLANG_WARN_INT_CONVERSION = YES;
				CLANG_WARN_NON_LITERAL_NULL_CONVERSION = YES;
				CLANG_WARN_OBJC_IMPLICIT_RETAIN_SELF = YES;
				CLANG_WARN_OBJC_LITERAL_CONVERSION = YES;
				CLANG_WARN_OBJC_ROOT_CLASS = YES_ERROR;
				CLANG_WARN_RANGE_LOOP_ANALYSIS = YES;
				CLANG_WARN_STRICT_PROTOTYPES = YES;
				CLANG_WARN_SUSPICIOUS_MOVE = YES;
				CLANG_WARN_UNGUARDED_AVAILABILITY = YES_AGGRESSIVE;
				CLANG_WARN_UNREACHABLE_CODE = YES;
				CLANG_WARN__DUPLICATE_METHOD_MATCH = YES;
				COPY_PHASE_STRIP = NO;
				DEBUG_INFORMATION_FORMAT = "dwarf-with-dsym";
				ENABLE_NS_ASSERTIONS = NO;
				ENABLE_STRICT_OBJC_MSGSEND = YES;
				GCC_C_LANGUAGE_STANDARD = gnu11;
				GCC_NO_COMMON_BLOCKS = YES;
				GCC_WARN_64_TO_32_BIT_CONVERSION = YES;
				GCC_WARN_ABOUT_RETURN_TYPE = YES_ERROR;
				GCC_WARN_UNDECLARED_SELECTOR = YES;
				GCC_WARN_UNINITIALIZED_AUTOS = YES_AGGRESSIVE;
				GCC_WARN_UNUSED_FUNCTION = YES;
				GCC_WARN_UNUSED_VARIABLE = YES;
				IPHONEOS_DEPLOYMENT_TARGET = 13.7;
				MTL_ENABLE_DEBUG_INFO = NO;
				MTL_FAST_MATH = YES;
				SDKROOT = iphoneos;
				SWIFT_COMPILATION_MODE = wholemodule;
				SWIFT_OPTIMIZATION_LEVEL = "-O";
				VALIDATE_PRODUCT = YES;
			};
			name = Release;
		};
		1D7B43E4250F4AE400BE7677 /* Debug */ = {
			isa = XCBuildConfiguration;
			buildSettings = {
				ASSETCATALOG_COMPILER_APPICON_NAME = AppIcon;
				CODE_SIGN_STYLE = Automatic;
				INFOPLIST_FILE = CarTrackExam/Info.plist;
				LD_RUNPATH_SEARCH_PATHS = (
					"$(inherited)",
					"@executable_path/Frameworks",
				);
				PRODUCT_BUNDLE_IDENTIFIER = com.cartrack.CarTrackExam;
				PRODUCT_NAME = "$(TARGET_NAME)";
				SWIFT_VERSION = 5.0;
				TARGETED_DEVICE_FAMILY = "1,2";
			};
			name = Debug;
		};
		1D7B43E5250F4AE400BE7677 /* Release */ = {
			isa = XCBuildConfiguration;
			buildSettings = {
				ASSETCATALOG_COMPILER_APPICON_NAME = AppIcon;
				CODE_SIGN_STYLE = Automatic;
				INFOPLIST_FILE = CarTrackExam/Info.plist;
				LD_RUNPATH_SEARCH_PATHS = (
					"$(inherited)",
					"@executable_path/Frameworks",
				);
				PRODUCT_BUNDLE_IDENTIFIER = com.cartrack.CarTrackExam;
				PRODUCT_NAME = "$(TARGET_NAME)";
				SWIFT_VERSION = 5.0;
				TARGETED_DEVICE_FAMILY = "1,2";
			};
			name = Release;
		};
		1D7B43E7250F4AE400BE7677 /* Debug */ = {
			isa = XCBuildConfiguration;
			buildSettings = {
				ALWAYS_EMBED_SWIFT_STANDARD_LIBRARIES = YES;
				BUNDLE_LOADER = "$(TEST_HOST)";
				CODE_SIGN_STYLE = Automatic;
				INFOPLIST_FILE = CarTrackExamTests/Info.plist;
				IPHONEOS_DEPLOYMENT_TARGET = 13.7;
				LD_RUNPATH_SEARCH_PATHS = (
					"$(inherited)",
					"@executable_path/Frameworks",
					"@loader_path/Frameworks",
				);
				PRODUCT_BUNDLE_IDENTIFIER = com.cartrack.CarTrackExamTests;
				PRODUCT_NAME = "$(TARGET_NAME)";
				SWIFT_VERSION = 5.0;
				TARGETED_DEVICE_FAMILY = "1,2";
				TEST_HOST = "$(BUILT_PRODUCTS_DIR)/CarTrackExam.app/CarTrackExam";
			};
			name = Debug;
		};
		1D7B43E8250F4AE400BE7677 /* Release */ = {
			isa = XCBuildConfiguration;
			buildSettings = {
				ALWAYS_EMBED_SWIFT_STANDARD_LIBRARIES = YES;
				BUNDLE_LOADER = "$(TEST_HOST)";
				CODE_SIGN_STYLE = Automatic;
				INFOPLIST_FILE = CarTrackExamTests/Info.plist;
				IPHONEOS_DEPLOYMENT_TARGET = 13.7;
				LD_RUNPATH_SEARCH_PATHS = (
					"$(inherited)",
					"@executable_path/Frameworks",
					"@loader_path/Frameworks",
				);
				PRODUCT_BUNDLE_IDENTIFIER = com.cartrack.CarTrackExamTests;
				PRODUCT_NAME = "$(TARGET_NAME)";
				SWIFT_VERSION = 5.0;
				TARGETED_DEVICE_FAMILY = "1,2";
				TEST_HOST = "$(BUILT_PRODUCTS_DIR)/CarTrackExam.app/CarTrackExam";
			};
			name = Release;
		};
		1D7B43EA250F4AE400BE7677 /* Debug */ = {
			isa = XCBuildConfiguration;
			buildSettings = {
				ALWAYS_EMBED_SWIFT_STANDARD_LIBRARIES = YES;
				CODE_SIGN_STYLE = Automatic;
				INFOPLIST_FILE = CarTrackExamUITests/Info.plist;
				LD_RUNPATH_SEARCH_PATHS = (
					"$(inherited)",
					"@executable_path/Frameworks",
					"@loader_path/Frameworks",
				);
				PRODUCT_BUNDLE_IDENTIFIER = com.cartrack.CarTrackExamUITests;
				PRODUCT_NAME = "$(TARGET_NAME)";
				SWIFT_VERSION = 5.0;
				TARGETED_DEVICE_FAMILY = "1,2";
				TEST_TARGET_NAME = CarTrackExam;
			};
			name = Debug;
		};
		1D7B43EB250F4AE400BE7677 /* Release */ = {
			isa = XCBuildConfiguration;
			buildSettings = {
				ALWAYS_EMBED_SWIFT_STANDARD_LIBRARIES = YES;
				CODE_SIGN_STYLE = Automatic;
				INFOPLIST_FILE = CarTrackExamUITests/Info.plist;
				LD_RUNPATH_SEARCH_PATHS = (
					"$(inherited)",
					"@executable_path/Frameworks",
					"@loader_path/Frameworks",
				);
				PRODUCT_BUNDLE_IDENTIFIER = com.cartrack.CarTrackExamUITests;
				PRODUCT_NAME = "$(TARGET_NAME)";
				SWIFT_VERSION = 5.0;
				TARGETED_DEVICE_FAMILY = "1,2";
				TEST_TARGET_NAME = CarTrackExam;
			};
			name = Release;
		};
/* End XCBuildConfiguration section */

/* Begin XCConfigurationList section */
		1D7B43B4250F4ADF00BE7677 /* Build configuration list for PBXProject "CarTrackExam" */ = {
			isa = XCConfigurationList;
			buildConfigurations = (
				1D7B43E1250F4AE400BE7677 /* Debug */,
				1D7B43E2250F4AE400BE7677 /* Release */,
			);
			defaultConfigurationIsVisible = 0;
			defaultConfigurationName = Release;
		};
		1D7B43E3250F4AE400BE7677 /* Build configuration list for PBXNativeTarget "CarTrackExam" */ = {
			isa = XCConfigurationList;
			buildConfigurations = (
				1D7B43E4250F4AE400BE7677 /* Debug */,
				1D7B43E5250F4AE400BE7677 /* Release */,
			);
			defaultConfigurationIsVisible = 0;
			defaultConfigurationName = Release;
		};
		1D7B43E6250F4AE400BE7677 /* Build configuration list for PBXNativeTarget "CarTrackExamTests" */ = {
			isa = XCConfigurationList;
			buildConfigurations = (
				1D7B43E7250F4AE400BE7677 /* Debug */,
				1D7B43E8250F4AE400BE7677 /* Release */,
			);
			defaultConfigurationIsVisible = 0;
			defaultConfigurationName = Release;
		};
		1D7B43E9250F4AE400BE7677 /* Build configuration list for PBXNativeTarget "CarTrackExamUITests" */ = {
			isa = XCConfigurationList;
			buildConfigurations = (
				1D7B43EA250F4AE400BE7677 /* Debug */,
				1D7B43EB250F4AE400BE7677 /* Release */,
			);
			defaultConfigurationIsVisible = 0;
			defaultConfigurationName = Release;
		};
/* End XCConfigurationList section */
	};
	rootObject = 1D7B43B1250F4ADF00BE7677 /* Project object */;
}
